{
  "name": "code",
  "version": "1.0.0",
  "lockfileVersion": 2,
  "requires": true,
  "packages": {
    "": {
      "name": "code",
      "version": "1.0.0",
      "license": "ISC",
      "dependencies": {
        "long": "^5.2.3"
      },
      "devDependencies": {
        "@assemblyscript/wasi-shim": "^0.1.0",
        "@types/node": "^20.10.0",
        "assemblyscript": "^0.27.22"
      }
    },
    "node_modules/@assemblyscript/wasi-shim": {
      "version": "0.1.0",
      "resolved": "https://registry.npmjs.org/@assemblyscript/wasi-shim/-/wasi-shim-0.1.0.tgz",
      "integrity": "sha512-fSLH7MdJHf2uDW5llA5VCF/CG62Jp2WkYGui9/3vIWs3jDhViGeQF7nMYLUjpigluM5fnq61I6obtCETy39FZw==",
      "dev": true,
      "funding": {
        "type": "opencollective",
        "url": "https://opencollective.com/assemblyscript"
      }
    },
    "node_modules/@types/node": {
      "version": "20.10.0",
      "resolved": "https://registry.npmjs.org/@types/node/-/node-20.10.0.tgz",
      "integrity": "sha512-D0WfRmU9TQ8I9PFx9Yc+EBHw+vSpIub4IDvQivcp26PtPrdMGAq5SDcpXEo/epqa/DXotVpekHiLNTg3iaKXBQ==",
      "dev": true,
      "dependencies": {
        "undici-types": "~5.26.4"
      }
    },
    "node_modules/assemblyscript": {
      "version": "0.27.22",
      "resolved": "https://registry.npmjs.org/assemblyscript/-/assemblyscript-0.27.22.tgz",
      "integrity": "sha512-6ClobsR4Hxn6K0daYp/+n9qWTqVbpdVeSGSVDqRvUEz66vvFb8atS6nLm+fnQ54JXuXmzLQy0uWYYgB8G59btQ==",
      "dev": true,
      "dependencies": {
        "binaryen": "116.0.0-nightly.20231102",
        "long": "^5.2.1"
      },
      "bin": {
        "asc": "bin/asc.js",
        "asinit": "bin/asinit.js"
      },
      "engines": {
        "node": ">=16",
        "npm": ">=7"
      },
      "funding": {
        "type": "opencollective",
        "url": "https://opencollective.com/assemblyscript"
      }
    },
    "node_modules/assemblyscript/node_modules/binaryen": {
      "version": "116.0.0-nightly.20231102",
      "resolved": "https://registry.npmjs.org/binaryen/-/binaryen-116.0.0-nightly.20231102.tgz",
      "integrity": "sha512-aPU9tlKdw/gcXx6u4PxtDgOtGjg/ZKnYdk23ctYb70GxZgPhWnGWmnBt01aV5dt5yFFo2V4rbB7SzpSFhViFQA==",
      "dev": true,
      "bin": {
        "wasm-opt": "bin/wasm-opt",
        "wasm2js": "bin/wasm2js"
      }
    },
    "node_modules/long": {
      "version": "5.2.3",
      "resolved": "https://registry.npmjs.org/long/-/long-5.2.3.tgz",
      "integrity": "sha512-lcHwpNoggQTObv5apGNCTdJrO69eHOZMi4BNC+rTLER8iHAqGrUVeLh/irVIM7zTw2bOXA8T6uNPeujwOLg/2Q=="
    },
    "node_modules/undici-types": {
      "version": "5.26.5",
      "resolved": "https://registry.npmjs.org/undici-types/-/undici-types-5.26.5.tgz",
      "integrity": "sha512-JlCMO+ehdEIKqlFxk6IfVoAUVmgz7cU7zD/h9XZ0qzeosSHmUJVOzSQvvYSYWXkFXC+IfLKSIffhv0sVZup6pA==",
      "dev": true
    }
  },
  "dependencies": {
    "@assemblyscript/wasi-shim": {
      "version": "0.1.0",
      "resolved": "https://registry.npmjs.org/@assemblyscript/wasi-shim/-/wasi-shim-0.1.0.tgz",
      "integrity": "sha512-fSLH7MdJHf2uDW5llA5VCF/CG62Jp2WkYGui9/3vIWs3jDhViGeQF7nMYLUjpigluM5fnq61I6obtCETy39FZw==",
      "dev": true
    },
    "@types/node": {
      "version": "20.10.0",
      "resolved": "https://registry.npmjs.org/@types/node/-/node-20.10.0.tgz",
      "integrity": "sha512-D0WfRmU9TQ8I9PFx9Yc+EBHw+vSpIub4IDvQivcp26PtPrdMGAq5SDcpXEo/epqa/DXotVpekHiLNTg3iaKXBQ==",
      "dev": true,
      "requires": {
        "undici-types": "~5.26.4"
      }
    },
    "assemblyscript": {
      "version": "0.27.22",
      "resolved": "https://registry.npmjs.org/assemblyscript/-/assemblyscript-0.27.22.tgz",
      "integrity": "sha512-6ClobsR4Hxn6K0daYp/+n9qWTqVbpdVeSGSVDqRvUEz66vvFb8atS6nLm+fnQ54JXuXmzLQy0uWYYgB8G59btQ==",
      "dev": true,
      "requires": {
        "binaryen": "116.0.0-nightly.20231102",
        "long": "^5.2.1"
      },
      "dependencies": {
        "binaryen": {
          "version": "116.0.0-nightly.20231102",
          "resolved": "https://registry.npmjs.org/binaryen/-/binaryen-116.0.0-nightly.20231102.tgz",
          "integrity": "sha512-aPU9tlKdw/gcXx6u4PxtDgOtGjg/ZKnYdk23ctYb70GxZgPhWnGWmnBt01aV5dt5yFFo2V4rbB7SzpSFhViFQA==",
          "dev": true
        }
      }
    },
    "long": {
      "version": "5.2.3",
      "resolved": "https://registry.npmjs.org/long/-/long-5.2.3.tgz",
      "integrity": "sha512-lcHwpNoggQTObv5apGNCTdJrO69eHOZMi4BNC+rTLER8iHAqGrUVeLh/irVIM7zTw2bOXA8T6uNPeujwOLg/2Q=="
    },
    "undici-types": {
      "version": "5.26.5",
      "resolved": "https://registry.npmjs.org/undici-types/-/undici-types-5.26.5.tgz",
      "integrity": "sha512-JlCMO+ehdEIKqlFxk6IfVoAUVmgz7cU7zD/h9XZ0qzeosSHmUJVOzSQvvYSYWXkFXC+IfLKSIffhv0sVZup6pA==",
      "dev": true
    }
  }
}
